
Microsoft Visual Studio Solution File, Format Version 12.00
# Visual Studio Version 16
VisualStudioVersion = 16.0.30413.136
MinimumVisualStudioVersion = 10.0.40219.1
Project("{FAE04EC0-301F-11D3-BF4B-00C04F79EFBC}") = "TARgv20.UWP", "TARgv20.UWP\TARgv20.UWP.csproj", "{6D7E418E-BFFB-4095-8F37-6C3DAD30B7CE}"
EndProject
Project("{FAE04EC0-301F-11D3-BF4B-00C04F79EFBC}") = "TARgv20.Android", "TARgv20.Android\TARgv20.Android.csproj", "{449A17EF-966F-4B70-BA4D-6858A1C1DBE2}"
EndProject
Project("{FAE04EC0-301F-11D3-BF4B-00C04F79EFBC}") = "TARgv20.iOS", "TARgv20.iOS\TARgv20.iOS.csproj", "{9811E743-2AA0-4194-92EF-FA333D83557E}"
EndProject
Project("{FAE04EC0-301F-11D3-BF4B-00C04F79EFBC}") = "TARgv20", "TARgv20\TARgv20.csproj", "{C8C8BB33-BA14-4D1A-93FC-95BFBA75816E}"
EndProject
Global
	GlobalSection(SolutionConfigurationPlatforms) = preSolution
		Debug|Any CPU = Debug|Any CPU
		Debug|ARM = Debug|ARM
		Debug|iPhone = Debug|iPhone
		Debug|iPhoneSimulator = Debug|iPhoneSimulator
		Debug|x64 = Debug|x64
		Debug|x86 = Debug|x86
		Release|Any CPU = Release|Any CPU
		Release|ARM = Release|ARM
		Release|iPhone = Release|iPhone
		Release|iPhoneSimulator = Release|iPhoneSimulator
		Release|x64 = Release|x64
		Release|x86 = Release|x86
	EndGlobalSection
	GlobalSection(ProjectConfigurationPlatforms) = postSolution
		{6D7E418E-BFFB-4095-8F37-6C3DAD30B7CE}.Debug|Any CPU.ActiveCfg = Debug|x86
		{6D7E418E-BFFB-4095-8F37-6C3DAD30B7CE}.Debug|Any CPU.Build.0 = Debug|x86
		{6D7E418E-BFFB-4095-8F37-6C3DAD30B7CE}.Debug|Any CPU.Deploy.0 = Debug|x86
		{6D7E418E-BFFB-4095-8F37-6C3DAD30B7CE}.Debug|ARM.ActiveCfg = Debug|ARM
		{6D7E418E-BFFB-4095-8F37-6C3DAD30B7CE}.Debug|ARM.Build.0 = Debug|ARM
		{6D7E418E-BFFB-4095-8F37-6C3DAD30B7CE}.Debug|ARM.Deploy.0 = Debug|ARM
		{6D7E418E-BFFB-4095-8F37-6C3DAD30B7CE}.Debug|iPhone.ActiveCfg = Debug|x86
		{6D7E418E-BFFB-4095-8F37-6C3DAD30B7CE}.Debug|iPhone.Build.0 = Debug|x86
		{6D7E418E-BFFB-4095-8F37-6C3DAD30B7CE}.Debug|iPhone.Deploy.0 = Debug|x86
		{6D7E418E-BFFB-4095-8F37-6C3DAD30B7CE}.Debug|iPhoneSimulator.ActiveCfg = Debug|x86
		{6D7E418E-BFFB-4095-8F37-6C3DAD30B7CE}.Debug|iPhoneSimulator.Build.0 = Debug|x86
		{6D7E418E-BFFB-4095-8F37-6C3DAD30B7CE}.Debug|iPhoneSimulator.Deploy.0 = Debug|x86
		{6D7E418E-BFFB-4095-8F37-6C3DAD30B7CE}.Debug|x64.ActiveCfg = Debug|x64
		{6D7E418E-BFFB-4095-8F37-6C3DAD30B7CE}.Debug|x64.Build.0 = Debug|x64
		{6D7E418E-BFFB-4095-8F37-6C3DAD30B7CE}.Debug|x64.Deploy.0 = Debug|x64
		{6D7E418E-BFFB-4095-8F37-6C3DAD30B7CE}.Debug|x86.ActiveCfg = Debug|x86
		{6D7E418E-BFFB-4095-8F37-6C3DAD30B7CE}.Debug|x86.Build.0 = Debug|x86
		{6D7E418E-BFFB-4095-8F37-6C3DAD30B7CE}.Debug|x86.Deploy.0 = Debug|x86
		{6D7E418E-BFFB-4095-8F37-6C3DAD30B7CE}.Release|Any CPU.ActiveCfg = Release|x86
		{6D7E418E-BFFB-4095-8F37-6C3DAD30B7CE}.Release|Any CPU.Build.0 = Release|x86
		{6D7E418E-BFFB-4095-8F37-6C3DAD30B7CE}.Release|Any CPU.Deploy.0 = Release|x86
		{6D7E418E-BFFB-4095-8F37-6C3DAD30B7CE}.Release|ARM.ActiveCfg = Release|ARM
		{6D7E418E-BFFB-4095-8F37-6C3DAD30B7CE}.Release|ARM.Build.0 = Release|ARM
		{6D7E418E-BFFB-4095-8F37-6C3DAD30B7CE}.Release|ARM.Deploy.0 = Release|ARM
		{6D7E418E-BFFB-4095-8F37-6C3DAD30B7CE}.Release|iPhone.ActiveCfg = Release|x86
		{6D7E418E-BFFB-4095-8F37-6C3DAD30B7CE}.Release|iPhone.Build.0 = Release|x86
		{6D7E418E-BFFB-4095-8F37-6C3DAD30B7CE}.Release|iPhone.Deploy.0 = Release|x86
		{6D7E418E-BFFB-4095-8F37-6C3DAD30B7CE}.Release|iPhoneSimulator.ActiveCfg = Release|x86
		{6D7E418E-BFFB-4095-8F37-6C3DAD30B7CE}.Release|iPhoneSimulator.Build.0 = Release|x86
		{6D7E418E-BFFB-4095-8F37-6C3DAD30B7CE}.Release|iPhoneSimulator.Deploy.0 = Release|x86
		{6D7E418E-BFFB-4095-8F37-6C3DAD30B7CE}.Release|x64.ActiveCfg = Release|x64
		{6D7E418E-BFFB-4095-8F37-6C3DAD30B7CE}.Release|x64.Build.0 = Release|x64
		{6D7E418E-BFFB-4095-8F37-6C3DAD30B7CE}.Release|x64.Deploy.0 = Release|x64
		{6D7E418E-BFFB-4095-8F37-6C3DAD30B7CE}.Release|x86.ActiveCfg = Release|x86
		{6D7E418E-BFFB-4095-8F37-6C3DAD30B7CE}.Release|x86.Build.0 = Release|x86
		{6D7E418E-BFFB-4095-8F37-6C3DAD30B7CE}.Release|x86.Deploy.0 = Release|x86
		{449A17EF-966F-4B70-BA4D-6858A1C1DBE2}.Debug|Any CPU.ActiveCfg = Debug|Any CPU
		{449A17EF-966F-4B70-BA4D-6858A1C1DBE2}.Debug|Any CPU.Build.0 = Debug|Any CPU
		{449A17EF-966F-4B70-BA4D-6858A1C1DBE2}.Debug|Any CPU.Deploy.0 = Debug|Any CPU
		{449A17EF-966F-4B70-BA4D-6858A1C1DBE2}.Debug|ARM.ActiveCfg = Debug|Any CPU
		{449A17EF-966F-4B70-BA4D-6858A1C1DBE2}.Debug|ARM.Build.0 = Debug|Any CPU
		{449A17EF-966F-4B70-BA4D-6858A1C1DBE2}.Debug|ARM.Deploy.0 = Debug|Any CPU
		{449A17EF-966F-4B70-BA4D-6858A1C1DBE2}.Debug|iPhone.ActiveCfg = Debug|Any CPU
		{449A17EF-966F-4B70-BA4D-6858A1C1DBE2}.Debug|iPhone.Build.0 = Debug|Any CPU
		{449A17EF-966F-4B70-BA4D-6858A1C1DBE2}.Debug|iPhone.Deploy.0 = Debug|Any CPU
		{449A17EF-966F-4B70-BA4D-6858A1C1DBE2}.Debug|iPhoneSimulator.ActiveCfg = Debug|Any CPU
		{449A17EF-966F-4B70-BA4D-6858A1C1DBE2}.Debug|iPhoneSimulator.Build.0 = Debug|Any CPU
		{449A17EF-966F-4B70-BA4D-6858A1C1DBE2}.Debug|iPhoneSimulator.Deploy.0 = Debug|Any CPU
		{449A17EF-966F-4B70-BA4D-6858A1C1DBE2}.Debug|x64.ActiveCfg = Debug|Any CPU
		{449A17EF-966F-4B70-BA4D-6858A1C1DBE2}.Debug|x64.Build.0 = Debug|Any CPU
		{449A17EF-966F-4B70-BA4D-6858A1C1DBE2}.Debug|x64.Deploy.0 = Debug|Any CPU
		{449A17EF-966F-4B70-BA4D-6858A1C1DBE2}.Debug|x86.ActiveCfg = Debug|Any CPU
		{449A17EF-966F-4B70-BA4D-6858A1C1DBE2}.Debug|x86.Build.0 = Debug|Any CPU
		{449A17EF-966F-4B70-BA4D-6858A1C1DBE2}.Debug|x86.Deploy.0 = Debug|Any CPU
		{449A17EF-966F-4B70-BA4D-6858A1C1DBE2}.Release|Any CPU.ActiveCfg = Release|Any CPU
		{449A17EF-966F-4B70-BA4D-6858A1C1DBE2}.Release|Any CPU.Build.0 = Release|Any CPU
		{449A17EF-966F-4B70-BA4D-6858A1C1DBE2}.Release|Any CPU.Deploy.0 = Release|Any CPU
		{449A17EF-966F-4B70-BA4D-6858A1C1DBE2}.Release|ARM.ActiveCfg = Release|Any CPU
		{449A17EF-966F-4B70-BA4D-6858A1C1DBE2}.Release|ARM.Build.0 = Release|Any CPU
		{449A17EF-966F-4B70-BA4D-6858A1C1DBE2}.Release|ARM.Deploy.0 = Release|Any CPU
		{449A17EF-966F-4B70-BA4D-6858A1C1DBE2}.Release|iPhone.ActiveCfg = Release|Any CPU
		{449A17EF-966F-4B70-BA4D-6858A1C1DBE2}.Release|iPhone.Build.0 = Release|Any CPU
		{449A17EF-966F-4B70-BA4D-6858A1C1DBE2}.Release|iPhone.Deploy.0 = Release|Any CPU
		{449A17EF-966F-4B70-BA4D-6858A1C1DBE2}.Release|iPhoneSimulator.ActiveCfg = Release|Any CPU
		{449A17EF-966F-4B70-BA4D-6858A1C1DBE2}.Release|iPhoneSimulator.Build.0 = Release|Any CPU
		{449A17EF-966F-4B70-BA4D-6858A1C1DBE2}.Release|iPhoneSimulator.Deploy.0 = Release|Any CPU
		{449A17EF-966F-4B70-BA4D-6858A1C1DBE2}.Release|x64.ActiveCfg = Release|Any CPU
		{449A17EF-966F-4B70-BA4D-6858A1C1DBE2}.Release|x64.Build.0 = Release|Any CPU
		{449A17EF-966F-4B70-BA4D-6858A1C1DBE2}.Release|x64.Deploy.0 = Release|Any CPU
		{449A17EF-966F-4B70-BA4D-6858A1C1DBE2}.Release|x86.ActiveCfg = Release|Any CPU
		{449A17EF-966F-4B70-BA4D-6858A1C1DBE2}.Release|x86.Build.0 = Release|Any CPU
		{449A17EF-966F-4B70-BA4D-6858A1C1DBE2}.Release|x86.Deploy.0 = Release|Any CPU
		{9811E743-2AA0-4194-92EF-FA333D83557E}.Debug|Any CPU.ActiveCfg = Debug|iPhone
		{9811E743-2AA0-4194-92EF-FA333D83557E}.Debug|Any CPU.Build.0 = Debug|iPhone
		{9811E743-2AA0-4194-92EF-FA333D83557E}.Debug|Any CPU.Deploy.0 = Debug|iPhone
		{9811E743-2AA0-4194-92EF-FA333D83557E}.Debug|ARM.ActiveCfg = Debug|iPhone
		{9811E743-2AA0-4194-92EF-FA333D83557E}.Debug|ARM.Build.0 = Debug|iPhone
		{9811E743-2AA0-4194-92EF-FA333D83557E}.Debug|ARM.Deploy.0 = Debug|iPhone
		{9811E743-2AA0-4194-92EF-FA333D83557E}.Debug|iPhone.ActiveCfg = Debug|iPhone
		{9811E743-2AA0-4194-92EF-FA333D83557E}.Debug|iPhone.Build.0 = Debug|iPhone
		{9811E743-2AA0-4194-92EF-FA333D83557E}.Debug|iPhone.Deploy.0 = Debug|iPhone
		{9811E743-2AA0-4194-92EF-FA333D83557E}.Debug|iPhoneSimulator.ActiveCfg = Debug|iPhoneSimulator
		{9811E743-2AA0-4194-92EF-FA333D83557E}.Debug|iPhoneSimulator.Build.0 = Debug|iPhoneSimulator
		{9811E743-2AA0-4194-92EF-FA333D83557E}.Debug|iPhoneSimulator.Deploy.0 = Debug|iPhoneSimulator
		{9811E743-2AA0-4194-92EF-FA333D83557E}.Debug|x64.ActiveCfg = Debug|iPhone
		{9811E743-2AA0-4194-92EF-FA333D83557E}.Debug|x64.Build.0 = Debug|iPhone
		{9811E743-2AA0-4194-92EF-FA333D83557E}.Debug|x64.Deploy.0 = Debug|iPhone
		{9811E743-2AA0-4194-92EF-FA333D83557E}.Debug|x86.ActiveCfg = Debug|iPhone
		{9811E743-2AA0-4194-92EF-FA333D83557E}.Debug|x86.Build.0 = Debug|iPhone
		{9811E743-2AA0-4194-92EF-FA333D83557E}.Debug|x86.Deploy.0 = Debug|iPhone
		{9811E743-2AA0-4194-92EF-FA333D83557E}.Release|Any CPU.ActiveCfg = Release|iPhone
		{9811E743-2AA0-4194-92EF-FA333D83557E}.Release|Any CPU.Build.0 = Release|iPhone
		{9811E743-2AA0-4194-92EF-FA333D83557E}.Release|Any CPU.Deploy.0 = Release|iPhone
		{9811E743-2AA0-4194-92EF-FA333D83557E}.Release|ARM.ActiveCfg = Release|iPhone
		{9811E743-2AA0-4194-92EF-FA333D83557E}.Release|ARM.Build.0 = Release|iPhone
		{9811E743-2AA0-4194-92EF-FA333D83557E}.Release|ARM.Deploy.0 = Release|iPhone
		{9811E743-2AA0-4194-92EF-FA333D83557E}.Release|iPhone.ActiveCfg = Release|iPhone
		{9811E743-2AA0-4194-92EF-FA333D83557E}.Release|iPhone.Build.0 = Release|iPhone
		{9811E743-2AA0-4194-92EF-FA333D83557E}.Release|iPhone.Deploy.0 = Release|iPhone
		{9811E743-2AA0-4194-92EF-FA333D83557E}.Release|iPhoneSimulator.ActiveCfg = Release|iPhoneSimulator
		{9811E743-2AA0-4194-92EF-FA333D83557E}.Release|iPhoneSimulator.Build.0 = Release|iPhoneSimulator
		{9811E743-2AA0-4194-92EF-FA333D83557E}.Release|iPhoneSimulator.Deploy.0 = Release|iPhoneSimulator
		{9811E743-2AA0-4194-92EF-FA333D83557E}.Release|x64.ActiveCfg = Release|iPhone
		{9811E743-2AA0-4194-92EF-FA333D83557E}.Release|x64.Build.0 = Release|iPhone
		{9811E743-2AA0-4194-92EF-FA333D83557E}.Release|x64.Deploy.0 = Release|iPhone
		{9811E743-2AA0-4194-92EF-FA333D83557E}.Release|x86.ActiveCfg = Release|iPhone
		{9811E743-2AA0-4194-92EF-FA333D83557E}.Release|x86.Build.0 = Release|iPhone
		{9811E743-2AA0-4194-92EF-FA333D83557E}.Release|x86.Deploy.0 = Release|iPhone
		{C8C8BB33-BA14-4D1A-93FC-95BFBA75816E}.Debug|Any CPU.ActiveCfg = Debug|Any CPU
		{C8C8BB33-BA14-4D1A-93FC-95BFBA75816E}.Debug|Any CPU.Build.0 = Debug|Any CPU
		{C8C8BB33-BA14-4D1A-93FC-95BFBA75816E}.Debug|Any CPU.Deploy.0 = Debug|Any CPU
		{C8C8BB33-BA14-4D1A-93FC-95BFBA75816E}.Debug|ARM.ActiveCfg = Debug|Any CPU
		{C8C8BB33-BA14-4D1A-93FC-95BFBA75816E}.Debug|ARM.Build.0 = Debug|Any CPU
		{C8C8BB33-BA14-4D1A-93FC-95BFBA75816E}.Debug|ARM.Deploy.0 = Debug|Any CPU
		{C8C8BB33-BA14-4D1A-93FC-95BFBA75816E}.Debug|iPhone.ActiveCfg = Debug|Any CPU
		{C8C8BB33-BA14-4D1A-93FC-95BFBA75816E}.Debug|iPhone.Build.0 = Debug|Any CPU
		{C8C8BB33-BA14-4D1A-93FC-95BFBA75816E}.Debug|iPhone.Deploy.0 = Debug|Any CPU
		{C8C8BB33-BA14-4D1A-93FC-95BFBA75816E}.Debug|iPhoneSimulator.ActiveCfg = Debug|Any CPU
		{C8C8BB33-BA14-4D1A-93FC-95BFBA75816E}.Debug|iPhoneSimulator.Build.0 = Debug|Any CPU
		{C8C8BB33-BA14-4D1A-93FC-95BFBA75816E}.Debug|iPhoneSimulator.Deploy.0 = Debug|Any CPU
		{C8C8BB33-BA14-4D1A-93FC-95BFBA75816E}.Debug|x64.ActiveCfg = Debug|Any CPU
		{C8C8BB33-BA14-4D1A-93FC-95BFBA75816E}.Debug|x64.Build.0 = Debug|Any CPU
		{C8C8BB33-BA14-4D1A-93FC-95BFBA75816E}.Debug|x64.Deploy.0 = Debug|Any CPU
		{C8C8BB33-BA14-4D1A-93FC-95BFBA75816E}.Debug|x86.ActiveCfg = Debug|Any CPU
		{C8C8BB33-BA14-4D1A-93FC-95BFBA75816E}.Debug|x86.Build.0 = Debug|Any CPU
		{C8C8BB33-BA14-4D1A-93FC-95BFBA75816E}.Debug|x86.Deploy.0 = Debug|Any CPU
		{C8C8BB33-BA14-4D1A-93FC-95BFBA75816E}.Release|Any CPU.ActiveCfg = Release|Any CPU
		{C8C8BB33-BA14-4D1A-93FC-95BFBA75816E}.Release|Any CPU.Build.0 = Release|Any CPU
		{C8C8BB33-BA14-4D1A-93FC-95BFBA75816E}.Release|Any CPU.Deploy.0 = Release|Any CPU
		{C8C8BB33-BA14-4D1A-93FC-95BFBA75816E}.Release|ARM.ActiveCfg = Release|Any CPU
		{C8C8BB33-BA14-4D1A-93FC-95BFBA75816E}.Release|ARM.Build.0 = Release|Any CPU
		{C8C8BB33-BA14-4D1A-93FC-95BFBA75816E}.Release|ARM.Deploy.0 = Release|Any CPU
		{C8C8BB33-BA14-4D1A-93FC-95BFBA75816E}.Release|iPhone.ActiveCfg = Release|Any CPU
		{C8C8BB33-BA14-4D1A-93FC-95BFBA75816E}.Release|iPhone.Build.0 = Release|Any CPU
		{C8C8BB33-BA14-4D1A-93FC-95BFBA75816E}.Release|iPhone.Deploy.0 = Release|Any CPU
		{C8C8BB33-BA14-4D1A-93FC-95BFBA75816E}.Release|iPhoneSimulator.ActiveCfg = Release|Any CPU
		{C8C8BB33-BA14-4D1A-93FC-95BFBA75816E}.Release|iPhoneSimulator.Build.0 = Release|Any CPU
		{C8C8BB33-BA14-4D1A-93FC-95BFBA75816E}.Release|iPhoneSimulator.Deploy.0 = Release|Any CPU
		{C8C8BB33-BA14-4D1A-93FC-95BFBA75816E}.Release|x64.ActiveCfg = Release|Any CPU
		{C8C8BB33-BA14-4D1A-93FC-95BFBA75816E}.Release|x64.Build.0 = Release|Any CPU
		{C8C8BB33-BA14-4D1A-93FC-95BFBA75816E}.Release|x64.Deploy.0 = Release|Any CPU
		{C8C8BB33-BA14-4D1A-93FC-95BFBA75816E}.Release|x86.ActiveCfg = Release|Any CPU
		{C8C8BB33-BA14-4D1A-93FC-95BFBA75816E}.Release|x86.Build.0 = Release|Any CPU
		{C8C8BB33-BA14-4D1A-93FC-95BFBA75816E}.Release|x86.Deploy.0 = Release|Any CPU
	EndGlobalSection
	GlobalSection(SolutionProperties) = preSolution
		HideSolutionNode = FALSE
	EndGlobalSection
	GlobalSection(ExtensibilityGlobals) = postSolution
		SolutionGuid = {DBDA63D1-ECDD-41BE-B275-58CF165429A4}
	EndGlobalSection
EndGlobal
